
Microsoft Visual Studio Solution File, Format Version 12.00
# Visual Studio 15
VisualStudioVersion = 15.0.28307.1800
MinimumVisualStudioVersion = 10.0.40219.1
Project("{8BC9CEB8-8B4A-11D0-8D11-00A0C91BC942}") = "DeviceRangeChange", "DeviceRangeChange\DeviceRangeChange.vcxproj", "{2505B6BA-E313-450F-AAD4-7A83C75C40CF}"
EndProject
Global
	GlobalSection(SolutionConfigurationPlatforms) = preSolution
		Debug|x64 = Debug|x64
		Debug|x86 = Debug|x86
		Release|x64 = Release|x64
		Release|x86 = Release|x86
	EndGlobalSection
	GlobalSection(ProjectConfigurationPlatforms) = postSolution
		{2505B6BA-E313-450F-AAD4-7A83C75C40CF}.Debug|x64.ActiveCfg = Debug|x64
		{2505B6BA-E313-450F-AAD4-7A83C75C40CF}.Debug|x64.Build.0 = Debug|x64
		{2505B6BA-E313-450F-AAD4-7A83C75C40CF}.Debug|x86.ActiveCfg = Debug|Win32
		{2505B6BA-E313-450F-AAD4-7A83C75C40CF}.Debug|x86.Build.0 = Debug|Win32
		{2505B6BA-E313-450F-AAD4-7A83C75C40CF}.Release|x64.ActiveCfg = Release|x64
		{2505B6BA-E313-450F-AAD4-7A83C75C40CF}.Release|x64.Build.0 = Release|x64
		{2505B6BA-E313-450F-AAD4-7A83C75C40CF}.Release|x86.ActiveCfg = Release|Win32
		{2505B6BA-E313-450F-AAD4-7A83C75C40CF}.Release|x86.Build.0 = Release|Win32
	EndGlobalSection
	GlobalSection(SolutionProperties) = preSolution
		HideSolutionNode = FALSE
	EndGlobalSection
	GlobalSection(ExtensibilityGlobals) = postSolution
		SolutionGuid = {39DE870B-C24C-45CA-8709-E4933AF3F9CF}
	EndGlobalSection
EndGlobal
