
Microsoft Visual Studio Solution File, Format Version 12.00
# Visual Studio 15
VisualStudioVersion = 15.0.28307.1800
MinimumVisualStudioVersion = 10.0.40219.1
Project("{8BC9CEB8-8B4A-11D0-8D11-00A0C91BC942}") = "DeivceInfoGet", "DeivceInfoGet\DeivceInfoGet.vcxproj", "{E711C900-F067-4FB3-AC3B-E5B8D90FA113}"
EndProject
Global
	GlobalSection(SolutionConfigurationPlatforms) = preSolution
		Debug|x64 = Debug|x64
		Debug|x86 = Debug|x86
		Release|x64 = Release|x64
		Release|x86 = Release|x86
	EndGlobalSection
	GlobalSection(ProjectConfigurationPlatforms) = postSolution
		{E711C900-F067-4FB3-AC3B-E5B8D90FA113}.Debug|x64.ActiveCfg = Debug|x64
		{E711C900-F067-4FB3-AC3B-E5B8D90FA113}.Debug|x64.Build.0 = Debug|x64
		{E711C900-F067-4FB3-AC3B-E5B8D90FA113}.Debug|x86.ActiveCfg = Debug|Win32
		{E711C900-F067-4FB3-AC3B-E5B8D90FA113}.Debug|x86.Build.0 = Debug|Win32
		{E711C900-F067-4FB3-AC3B-E5B8D90FA113}.Release|x64.ActiveCfg = Release|x64
		{E711C900-F067-4FB3-AC3B-E5B8D90FA113}.Release|x64.Build.0 = Release|x64
		{E711C900-F067-4FB3-AC3B-E5B8D90FA113}.Release|x86.ActiveCfg = Release|Win32
		{E711C900-F067-4FB3-AC3B-E5B8D90FA113}.Release|x86.Build.0 = Release|Win32
	EndGlobalSection
	GlobalSection(SolutionProperties) = preSolution
		HideSolutionNode = FALSE
	EndGlobalSection
	GlobalSection(ExtensibilityGlobals) = postSolution
		SolutionGuid = {CAB68615-3CFA-4122-A1A1-0F63D2ADE110}
	EndGlobalSection
EndGlobal
